
Microsoft Visual Studio Solution File, Format Version 11.00
# Visual Studio 2010
Project("{FAE04EC0-301F-11D3-BF4B-00C04F79EFBC}") = "unicorn-net", "unicorn-net\unicorn-net.csproj", "{16CFEA6B-5F08-428D-9425-734441C1A875}"
EndProject
Global
	GlobalSection(SolutionConfigurationPlatforms) = preSolution
		Debug|Any CPU = Debug|Any CPU
		Release|Any CPU = Release|Any CPU
	EndGlobalSection
	GlobalSection(ProjectConfigurationPlatforms) = postSolution
		{16CFEA6B-5F08-428D-9425-734441C1A875}.Debug|Any CPU.ActiveCfg = Debug|Any CPU
		{16CFEA6B-5F08-428D-9425-734441C1A875}.Debug|Any CPU.Build.0 = Debug|Any CPU
		{16CFEA6B-5F08-428D-9425-734441C1A875}.Release|Any CPU.ActiveCfg = Release|Any CPU
		{16CFEA6B-5F08-428D-9425-734441C1A875}.Release|Any CPU.Build.0 = Release|Any CPU
	EndGlobalSection
	GlobalSection(SolutionProperties) = preSolution
		HideSolutionNode = FALSE
	EndGlobalSection
EndGlobal
